{
  "nodes": {
    "ChibiOS": {
      "flake": false,
      "locked": {
        "lastModified": 1613226400,
        "narHash": "sha256-yfEbgFN1scjDtza2L5s4QnxrlFjpnKDYBM7Ak7WP4QU=",
        "owner": "qmk",
        "repo": "ChibiOS",
        "rev": "413e39c5681d181720440f2a8b7391f581788d7b",
        "type": "github"
      },
      "original": {
        "owner": "qmk",
        "repo": "ChibiOS",
        "type": "github"
      }
    },
    "ChibiOS-Contrib": {
      "flake": false,
      "locked": {
        "lastModified": 1630157004,
        "narHash": "sha256-mjILJeNdmn6iDMRUjgQh4Wz7We77TC1QmUgAdK220T8=",
        "owner": "qmk",
        "repo": "ChibiOS-Contrib",
        "rev": "4568901a91e9bef78ea96a7a83e8150fe1f7353a",
        "type": "github"
      },
      "original": {
        "owner": "qmk",
        "repo": "ChibiOS-Contrib",
        "type": "github"
      }
    },
    "base16-styles": {
      "flake": false,
      "locked": {
        "lastModified": 1493578694,
        "narHash": "sha256-cGezU4UofSHvx3ZeRU9JuV63jksxy0L9KzUO+uWfUt8=",
        "owner": "samme",
        "repo": "base16-styles",
        "rev": "8db4f00ca9e5575ba52d98a204ee44a53e13d546",
        "type": "github"
      },
      "original": {
        "owner": "samme",
        "repo": "base16-styles",
        "type": "github"
      }
    },
    "base16-theme": {
      "flake": false,
      "locked": {
        "lastModified": 1627871365,
        "narHash": "sha256-aW965K+aPJMH77EZT3K1mAyK08OUwodeCVhP2Adt3is=",
        "owner": "league",
        "repo": "base16-emacs",
        "rev": "5d03125650167527b8c13e45cc088d4d6bab5407",
        "type": "github"
      },
      "original": {
        "owner": "league",
        "repo": "base16-emacs",
        "type": "github"
      }
    },
    "clj-nix": {
      "inputs": {
        "devshell": [
          "devshell"
        ],
        "nix-fetcher-data": [
          "nix-fetcher-data"
        ],
        "nixpkgs": [
          "nixpkgs"
        ]
      },
      "locked": {
        "lastModified": 1732920288,
        "narHash": "sha256-w04hFhbutbob60xy6wUYdawBCVK0qAzBfhGsD+bPypU=",
        "owner": "jlesquembre",
        "repo": "clj-nix",
        "rev": "6e829214a303d2f921c7919f6fb7a2721069c608",
        "type": "github"
      },
      "original": {
        "owner": "jlesquembre",
        "repo": "clj-nix",
        "type": "github"
      }
    },
    "clojure-lsp": {
      "inputs": {
        "clj-nix": [
          "clj-nix"
        ],
        "flake-utils": [
          "flake-utils"
        ],
        "nixpkgs": [
          "nixpkgs"
        ]
      },
      "locked": {
        "lastModified": 1733143080,
        "narHash": "sha256-vleBlA2roEhn8O/VMBLrtO/baOz4zpvWnYAtQEqPdVI=",
        "owner": "clojure-lsp",
        "repo": "clojure-lsp",
        "rev": "e49986d0d2441b5f3fbb8423d1cb766f00ab2830",
        "type": "github"
      },
      "original": {
        "owner": "clojure-lsp",
        "repo": "clojure-lsp",
        "type": "github"
      }
    },
    "crane": {
      "locked": {
        "lastModified": 1734808813,
        "narHash": "sha256-3aH/0Y6ajIlfy7j52FGZ+s4icVX0oHhqBzRdlOeztqg=",
        "owner": "ipetkov",
        "repo": "crane",
        "rev": "72e2d02dbac80c8c86bf6bf3e785536acf8ee926",
        "type": "github"
      },
      "original": {
        "owner": "ipetkov",
        "repo": "crane",
        "type": "github"
      }
    },
    "criome-website": {
      "locked": {
        "lastModified": 1716418911,
        "narHash": "sha256-CzZKZBKu62fMJ88RQ6KfYy7u9jgpBwObojrpWU1lvWI=",
        "owner": "criome",
        "repo": "website",
        "rev": "cd2ea9b78a31e5f4fad85e27906a816d910e77ff",
        "type": "github"
      },
      "original": {
        "owner": "criome",
        "repo": "website",
        "type": "github"
      }
    },
    "devshell": {
      "inputs": {
        "nixpkgs": [
          "nixpkgs"
        ]
      },
      "locked": {
        "lastModified": 1728330715,
        "narHash": "sha256-xRJ2nPOXb//u1jaBnDP56M7v5ldavjbtR6lfGqSvcKg=",
        "owner": "numtide",
        "repo": "devshell",
        "rev": "dd6b80932022cea34a019e2bb32f6fa9e494dfef",
        "type": "github"
      },
      "original": {
        "owner": "numtide",
        "repo": "devshell",
        "type": "github"
      }
    },
    "emacs-overlay": {
      "inputs": {
        "nixpkgs": [
          "nixpkgs"
        ],
        "nixpkgs-stable": "nixpkgs-stable"
      },
      "locked": {
        "lastModified": 1735059577,
        "narHash": "sha256-E/pjX9CBXuByVIYn7lQZJhheGlCCgPgXUN50YIna1VY=",
        "owner": "nix-community",
        "repo": "emacs-overlay",
        "rev": "80b84fa77a5c34245c30242f4c5f6320d877a9f6",
        "type": "github"
      },
      "original": {
        "owner": "nix-community",
        "repo": "emacs-overlay",
        "type": "github"
      }
    },
    "flake-compat": {
      "flake": false,
      "locked": {
        "lastModified": 1733328505,
        "narHash": "sha256-NeCCThCEP3eCl2l/+27kNNK7QrwZB1IJCrXfrbv5oqU=",
        "owner": "edolstra",
        "repo": "flake-compat",
        "rev": "ff81ac966bb2cae68946d5ed5fc4994f96d0ffec",
        "type": "github"
      },
      "original": {
        "owner": "edolstra",
        "repo": "flake-compat",
        "type": "github"
      }
    },
    "flake-compat_2": {
      "flake": false,
      "locked": {
        "lastModified": 1696426674,
        "narHash": "sha256-kvjfFW7WAETZlt09AgDn1MrtKzP7t90Vf7vypd3OL1U=",
        "owner": "edolstra",
        "repo": "flake-compat",
        "rev": "0f9255e01c2351cc7d116c072cb317785dd33b33",
        "type": "github"
      },
      "original": {
        "owner": "edolstra",
        "repo": "flake-compat",
        "type": "github"
      }
    },
    "flake-parts": {
      "inputs": {
        "nixpkgs-lib": [
          "nixpkgs-lib"
        ]
      },
      "locked": {
        "lastModified": 1733312601,
        "narHash": "sha256-4pDvzqnegAfRkPwO3wmwBhVi/Sye1mzps0zHWYnP88c=",
        "owner": "hercules-ci",
        "repo": "flake-parts",
        "rev": "205b12d8b7cd4802fbcb8e8ef6a0f1408781a4f9",
        "type": "github"
      },
      "original": {
        "owner": "hercules-ci",
        "repo": "flake-parts",
        "type": "github"
      }
    },
    "flake-parts_2": {
      "inputs": {
        "nixpkgs-lib": [
          "nix",
          "nixpkgs"
        ]
      },
      "locked": {
        "lastModified": 1719994518,
        "narHash": "sha256-pQMhCCHyQGRzdfAkdJ4cIWiw+JNuWsTX7f0ZYSyz0VY=",
        "owner": "hercules-ci",
        "repo": "flake-parts",
        "rev": "9227223f6d922fee3c7b190b2cc238a99527bbb7",
        "type": "github"
      },
      "original": {
        "owner": "hercules-ci",
        "repo": "flake-parts",
        "type": "github"
      }
    },
    "flake-registry": {
      "flake": false,
      "locked": {
        "lastModified": 1734450202,
        "narHash": "sha256-/3gigrEBFORQs6a8LL5twoHs7biu08y/8Xc5aQmk3b0=",
        "owner": "NixOS",
        "repo": "flake-registry",
        "rev": "02fe640c9e117dd9d6a34efc7bcb8bd09c08111d",
        "type": "github"
      },
      "original": {
        "owner": "NixOS",
        "repo": "flake-registry",
        "type": "github"
      }
    },
    "flake-utils": {
      "inputs": {
        "systems": "systems"
      },
      "locked": {
        "lastModified": 1731533236,
        "narHash": "sha256-l0KFg5HjrsfsO/JpG+r7fRrqm12kzFHyUHqHCVpMMbI=",
        "owner": "numtide",
        "repo": "flake-utils",
        "rev": "11707dc2f618dd54ca8739b309ec4fc024de578b",
        "type": "github"
      },
      "original": {
        "owner": "numtide",
        "repo": "flake-utils",
        "type": "github"
      }
    },
    "git-hooks-nix": {
      "inputs": {
        "flake-compat": [
          "nix"
        ],
        "gitignore": [
          "nix"
        ],
        "nixpkgs": [
          "nix",
          "nixpkgs"
        ],
        "nixpkgs-stable": [
          "nix",
          "nixpkgs"
        ]
      },
      "locked": {
        "lastModified": 1721042469,
        "narHash": "sha256-6FPUl7HVtvRHCCBQne7Ylp4p+dpP3P/OYuzjztZ4s70=",
        "owner": "cachix",
        "repo": "git-hooks.nix",
        "rev": "f451c19376071a90d8c58ab1a953c6e9840527fd",
        "type": "github"
      },
      "original": {
        "owner": "cachix",
        "repo": "git-hooks.nix",
        "type": "github"
      }
    },
    "goldragon": {
      "locked": {
        "lastModified": 1663666582,
        "narHash": "sha256-f5GyGuLH9W7o7aK//9X0oa2NgFFt5ifpDo4DV++244w=",
        "owner": "LiGoldragon",
        "repo": "goldragon",
        "rev": "7da4ce4732061b00b06dd6d5df691d02210bccfe",
        "type": "github"
      },
      "original": {
        "owner": "LiGoldragon",
        "repo": "goldragon",
        "type": "github"
      }
    },
    "goldragonWebpage": {
      "flake": false,
      "locked": {
        "lastModified": 1680518207,
        "narHash": "sha256-d+dFhHDQJbOtsTSVzDQBfOlmmOahEGkgXaT7CKhAbyk=",
        "owner": "LiGoldragon",
        "repo": "webpage",
        "rev": "64aea9d79e0d72ad780c4d0e3bd2d21f43d1ef8d",
        "type": "github"
      },
      "original": {
        "owner": "LiGoldragon",
        "repo": "webpage",
        "type": "github"
      }
    },
    "googletest": {
      "flake": false,
      "locked": {
        "lastModified": 1627529225,
        "narHash": "sha256-VuOfUPwl3QHtxjGfWq2tjObutncRoOjEJoY1ET+4pNI=",
        "owner": "qmk",
        "repo": "googletest",
        "rev": "2d924d7a971e9667d76ad09727fb2402b4f8a1e3",
        "type": "github"
      },
      "original": {
        "owner": "qmk",
        "repo": "googletest",
        "type": "github"
      }
    },
    "helix": {
      "inputs": {
        "crane": [
          "crane"
        ],
        "flake-utils": [
          "flake-utils"
        ],
        "nixpkgs": [
          "nixpkgs"
        ],
        "rust-overlay": [
          "rust-overlay"
        ]
      },
      "locked": {
        "lastModified": 1735068149,
        "narHash": "sha256-9I3GCEM7WjckPvvXwm//Ia5oUyFJRtrqLVXrG/oJ/zM=",
        "owner": "helix-editor",
        "repo": "helix",
        "rev": "0fd4a4aae2aa3def2e334b70adcaeeb7545fa89e",
        "type": "github"
      },
      "original": {
        "owner": "helix-editor",
        "repo": "helix",
        "type": "github"
      }
    },
    "hexdumpSrc": {
      "flake": false,
      "locked": {
        "lastModified": 1615171434,
        "narHash": "sha256-nQR61r37koQkN46vQyDFBTij7se9+z0xg89b90UkLIM=",
        "owner": "sarnold",
        "repo": "hexdump",
        "rev": "a1686f09a70091d6bbb1aa6f2f8a255db8fcb3cf",
        "type": "github"
      },
      "original": {
        "owner": "sarnold",
        "repo": "hexdump",
        "type": "github"
      }
    },
    "home-manager": {
      "inputs": {
        "nixpkgs": [
          "nixpkgs"
        ]
      },
      "locked": {
        "lastModified": 1735053786,
        "narHash": "sha256-Gm+0DcbUS338vvkwyYWms5jsWlx8z8MeQBzcnIDuIkw=",
        "owner": "nix-community",
        "repo": "home-manager",
        "rev": "35b98d20ca8f4ca1f6a2c30b8a2c8bb305a36d84",
        "type": "github"
      },
      "original": {
        "owner": "nix-community",
        "repo": "home-manager",
        "type": "github"
      }
    },
    "hyprland-protocols": {
      "inputs": {
        "nixpkgs": [
          "xdg-desktop-portal-hyprland",
          "nixpkgs"
        ],
        "systems": [
          "xdg-desktop-portal-hyprland",
          "systems"
        ]
      },
      "locked": {
        "lastModified": 1728345020,
        "narHash": "sha256-xGbkc7U/Roe0/Cv3iKlzijIaFBNguasI31ynL2IlEoM=",
        "owner": "hyprwm",
        "repo": "hyprland-protocols",
        "rev": "a7c183800e74f337753de186522b9017a07a8cee",
        "type": "github"
      },
      "original": {
        "owner": "hyprwm",
        "repo": "hyprland-protocols",
        "type": "github"
      }
    },
    "hyprlang": {
      "inputs": {
        "hyprutils": [
          "xdg-desktop-portal-hyprland",
          "hyprutils"
        ],
        "nixpkgs": [
          "xdg-desktop-portal-hyprland",
          "nixpkgs"
        ],
        "systems": [
          "xdg-desktop-portal-hyprland",
          "systems"
        ]
      },
      "locked": {
        "lastModified": 1734906259,
        "narHash": "sha256-P79t/7HbACO4/PuJBroGpTptvCWJtXTv+gWsF+sM6MI=",
        "owner": "hyprwm",
        "repo": "hyprlang",
        "rev": "0404833ea18d543df44df935ebf1b497310eb046",
        "type": "github"
      },
      "original": {
        "owner": "hyprwm",
        "repo": "hyprlang",
        "type": "github"
      }
    },
    "hyprutils": {
      "inputs": {
        "nixpkgs": [
          "xdg-desktop-portal-hyprland",
          "nixpkgs"
        ],
        "systems": [
          "xdg-desktop-portal-hyprland",
          "systems"
        ]
      },
      "locked": {
        "lastModified": 1734796073,
        "narHash": "sha256-TnuKsa8OHrSJEmHm3TLGOWbPNA1gRjmZLsRzKrCqOsg=",
        "owner": "hyprwm",
        "repo": "hyprutils",
        "rev": "c3331116ebd0b71df5ae8c6efe9a7f94148b03bf",
        "type": "github"
      },
      "original": {
        "owner": "hyprwm",
        "repo": "hyprutils",
        "type": "github"
      }
    },
    "hyprwayland-scanner": {
      "inputs": {
        "nixpkgs": [
          "xdg-desktop-portal-hyprland",
          "nixpkgs"
        ],
        "systems": [
          "xdg-desktop-portal-hyprland",
          "systems"
        ]
      },
      "locked": {
        "lastModified": 1734793513,
        "narHash": "sha256-rrrHcXapXJvGFqX+L/Bb0182L25jofAZ0fm1FInvrTQ=",
        "owner": "hyprwm",
        "repo": "hyprwayland-scanner",
        "rev": "4d7367b6eee87397e2dbca2e78078dd0a4ef4c61",
        "type": "github"
      },
      "original": {
        "owner": "hyprwm",
        "repo": "hyprwayland-scanner",
        "type": "github"
      }
    },
    "kibord": {
      "inputs": {
        "ChibiOS": "ChibiOS",
        "ChibiOS-Contrib": "ChibiOS-Contrib",
        "googletest": "googletest",
        "hexdumpSrc": "hexdumpSrc",
        "kp_boot_32u4": "kp_boot_32u4",
        "lufa": "lufa",
        "printf": "printf",
        "qmk_firmware": "qmk_firmware",
        "uGFX": "uGFX",
        "v-usb": "v-usb"
      },
      "locked": {
        "lastModified": 1633595735,
        "narHash": "sha256-Sti1H21p/mCwJxsh8R4PYIx8F8fFX2axL5BGgLuiilY=",
        "owner": "maisiliym",
        "repo": "kibord",
        "rev": "02f3d7a9315d474bb8907a86cb8ab3e2de7e9643",
        "type": "github"
      },
      "original": {
        "owner": "maisiliym",
        "repo": "kibord",
        "type": "github"
      }
    },
    "kp_boot_32u4": {
      "flake": false,
      "locked": {
        "lastModified": 1559970181,
        "narHash": "sha256-wSqaTAgaW+6cu9F8F4Vvq/8ga7ADlTEz2Api/g7UXWk=",
        "owner": "ahtn",
        "repo": "kp_boot_32u4",
        "rev": "54e899e9b1a06bb310a2d72bf9cc3017a8513ea2",
        "type": "github"
      },
      "original": {
        "owner": "ahtn",
        "repo": "kp_boot_32u4",
        "type": "github"
      }
    },
    "lib": {
      "inputs": {
        "nixpkgs": [
          "nixpkgs"
        ]
      },
      "locked": {
        "lastModified": 1702361717,
        "narHash": "sha256-RuJkKuTMftaa2k9xJOawosSkb60dW6uOxTGBNiRw3j8=",
        "owner": "criome",
        "repo": "lib",
        "rev": "f6baecf1016dab267da43cbd232f13f67645a97c",
        "type": "github"
      },
      "original": {
        "owner": "criome",
        "repo": "lib",
        "type": "github"
      }
    },
    "libgit2": {
      "flake": false,
      "locked": {
        "lastModified": 1715853528,
        "narHash": "sha256-J2rCxTecyLbbDdsyBWn9w7r3pbKRMkI9E7RvRgAqBdY=",
        "owner": "libgit2",
        "repo": "libgit2",
        "rev": "36f7e21ad757a3dacc58cf7944329da6bc1d6e96",
        "type": "github"
      },
      "original": {
        "owner": "libgit2",
        "ref": "v1.8.1",
        "repo": "libgit2",
        "type": "github"
      }
    },
    "lojix": {
      "flake": false,
      "locked": {
        "lastModified": 1732879149,
        "narHash": "sha256-KpPCUe7ZEbb7My6OoHSFF12TPAIXYyPzj1bYN8fis80=",
        "owner": "criome",
        "repo": "lojix",
        "rev": "da150b530a274dac1b001b08187c5be5406c9497",
        "type": "github"
      },
      "original": {
        "owner": "criome",
        "repo": "lojix",
        "type": "github"
      }
    },
    "lufa": {
      "flake": false,
      "locked": {
        "lastModified": 1630764587,
        "narHash": "sha256-8KOBLQbd5107t8849Unir8KTxNoV2OGRlD/R8tBXhbc=",
        "owner": "qmk",
        "repo": "lufa",
        "rev": "d6df70b8b691390865878f2a3a66bf3da84fe138",
        "type": "github"
      },
      "original": {
        "owner": "qmk",
        "repo": "lufa",
        "type": "github"
      }
    },
    "maisiliym": {
      "locked": {
        "lastModified": 1730039186,
        "narHash": "sha256-cLf4/fRyPije7pwEc/r7/bQrbCL39SoYoHBYgeUO010=",
        "owner": "LiGoldragon",
        "repo": "maisiliym",
        "rev": "93818c422557fb27d12443b42483ef8cd2bb9219",
        "type": "github"
      },
      "original": {
        "owner": "LiGoldragon",
        "repo": "maisiliym",
        "type": "github"
      }
    },
    "md-roam": {
      "flake": false,
      "locked": {
        "lastModified": 1712433753,
        "narHash": "sha256-+ThIM3ClaGHjL44LViNDvkpmW+yeZKAlccR5oRcJnsc=",
        "owner": "nobiot",
        "repo": "md-roam",
        "rev": "b82c5f0635fb7f7b6c775049d8e2b54c43898ee8",
        "type": "github"
      },
      "original": {
        "owner": "nobiot",
        "repo": "md-roam",
        "type": "github"
      }
    },
    "mfgtools": {
      "flake": false,
      "locked": {
        "lastModified": 1734535441,
        "narHash": "sha256-JXQrlBanj1bCd0hqfb6kjKKalrZZSFvGuiddx9l5Xks=",
        "owner": "NXPmicro",
        "repo": "mfgtools",
        "rev": "64a5a8f3f1cdb94b95481cc3a0a14aa287de2137",
        "type": "github"
      },
      "original": {
        "owner": "NXPmicro",
        "repo": "mfgtools",
        "type": "github"
      }
    },
    "mkZolaWebsite": {
      "locked": {
        "lastModified": 1668044468,
        "narHash": "sha256-f91kp2YwgNQZQsH2Cyr91QxiqHq4UfPBC+/GJ3Oetdo=",
        "owner": "criome",
        "repo": "mkZolaWebsite",
        "rev": "f5b255600575a9ab027f8ebe41e5cc6a73aa683b",
        "type": "github"
      },
      "original": {
        "owner": "criome",
        "repo": "mkZolaWebsite",
        "type": "github"
      }
    },
    "ndi": {
      "flake": false,
      "locked": {
        "lastModified": 1676267248,
        "narHash": "sha256-nYFbHkF50CRbDnUwxE4sEsrLPYNey6BhXmhHjtF5UYM=",
        "owner": "LiGoldragon",
        "repo": "ndi",
        "rev": "a80bbdb7ca1ad6534c3c02f5c5e73b99ebd0d38a",
        "type": "github"
      },
      "original": {
        "owner": "LiGoldragon",
        "repo": "ndi",
        "type": "github"
      }
    },
    "nix": {
      "inputs": {
        "flake-compat": "flake-compat_2",
        "flake-parts": "flake-parts_2",
        "git-hooks-nix": "git-hooks-nix",
        "libgit2": "libgit2",
        "nixpkgs": [
          "nixpkgs"
        ],
        "nixpkgs-23-11": "nixpkgs-23-11",
        "nixpkgs-regression": [
          "nixpkgs"
        ]
      },
      "locked": {
        "lastModified": 1734708505,
        "narHash": "sha256-NyQErDMVmRB0xPLLylZcw1mIBH3d8bSue8Fp+vRBLso=",
        "owner": "NixOS",
        "repo": "nix",
        "rev": "f72752c0dc6547b1568a9ef46deba875e38fada2",
        "type": "github"
      },
      "original": {
        "owner": "NixOS",
        "repo": "nix",
        "type": "github"
      }
    },
    "nix-fetcher-data": {
      "inputs": {
        "flake-parts": [
          "flake-parts"
        ],
        "nixpkgs": [
          "nixpkgs"
        ]
      },
      "locked": {
        "lastModified": 1728229178,
        "narHash": "sha256-p5Fx880uBYstIsbaDYN7sECJT11oHxZQKtHgMAVblWA=",
        "owner": "jlesquembre",
        "repo": "nix-fetcher-data",
        "rev": "f3a73c34d28db49ef90fd7872a142bfe93120e55",
        "type": "github"
      },
      "original": {
        "owner": "jlesquembre",
        "repo": "nix-fetcher-data",
        "type": "github"
      }
    },
    "nixpkgs": {
      "locked": {
        "lastModified": 1734649271,
        "narHash": "sha256-4EVBRhOjMDuGtMaofAIqzJbg4Ql7Ai0PSeuVZTHjyKQ=",
        "owner": "NixOS",
        "repo": "nixpkgs",
        "rev": "d70bd19e0a38ad4790d3913bf08fcbfc9eeca507",
        "type": "github"
      },
      "original": {
        "owner": "NixOS",
        "ref": "nixos-unstable",
        "repo": "nixpkgs",
        "type": "github"
      }
    },
    "nixpkgs-23-11": {
      "locked": {
        "lastModified": 1717159533,
        "narHash": "sha256-oamiKNfr2MS6yH64rUn99mIZjc45nGJlj9eGth/3Xuw=",
        "owner": "NixOS",
        "repo": "nixpkgs",
        "rev": "a62e6edd6d5e1fa0329b8653c801147986f8d446",
        "type": "github"
      },
      "original": {
        "owner": "NixOS",
        "repo": "nixpkgs",
        "rev": "a62e6edd6d5e1fa0329b8653c801147986f8d446",
        "type": "github"
      }
    },
    "nixpkgs-lib": {
      "inputs": {
        "nixpkgs": [
          "nixpkgs"
        ]
      },
      "locked": {
        "lastModified": 1702362402,
        "narHash": "sha256-delkziI4IpNOIC1upRbdhoRSZ14TNM/ihdXy/31yYgc=",
        "owner": "criome",
        "repo": "lib",
        "rev": "9a2b715ab0ad9e34ec0a4720980431467cf6de18",
        "type": "github"
      },
      "original": {
        "owner": "criome",
        "ref": "nestedAttribute",
        "repo": "lib",
        "type": "github"
      }
    },
    "nixpkgs-stable": {
      "locked": {
        "lastModified": 1734875076,
        "narHash": "sha256-Pzyb+YNG5u3zP79zoi8HXYMs15Q5dfjDgwCdUI5B0nY=",
        "owner": "NixOS",
        "repo": "nixpkgs",
        "rev": "1807c2b91223227ad5599d7067a61665c52d1295",
        "type": "github"
      },
      "original": {
        "owner": "NixOS",
        "ref": "nixos-24.11",
        "repo": "nixpkgs",
        "type": "github"
      }
    },
    "postcss-scss": {
      "flake": false,
      "locked": {
        "lastModified": 1721312281,
        "narHash": "sha256-2cqUs0ivhiogj26fs5K0RZNvNbgMahSGUYgk+vZqGZo=",
        "owner": "postcss",
        "repo": "postcss-scss",
        "rev": "66f77c3b2b0214141d75bc8889dffaaded6610ad",
        "type": "github"
      },
      "original": {
        "owner": "postcss",
        "repo": "postcss-scss",
        "type": "github"
      }
    },
    "printf": {
      "flake": false,
      "locked": {
        "lastModified": 1577899008,
        "narHash": "sha256-uLN9MtmL/6aE+TRRM0OFcL1xi4gGQNFvooEJkiVIabU=",
        "owner": "qmk",
        "repo": "printf",
        "rev": "d3b984684bb8a8bdc48cc7a1abecb93ce59bbe3e",
        "type": "github"
      },
      "original": {
        "owner": "qmk",
        "repo": "printf",
        "type": "github"
      }
    },
    "qmk_firmware": {
      "flake": false,
      "locked": {
        "lastModified": 1600364742,
        "narHash": "sha256-HB/hlkWtdITfrPiwM97svvyEgK3PaMisO34UTURbpxs=",
        "owner": "qmk",
        "repo": "qmk_firmware",
        "rev": "bc15c4f4ab81c1e2950dfc1c38cf86dc626573c9",
        "type": "github"
      },
      "original": {
        "owner": "qmk",
        "repo": "qmk_firmware",
        "rev": "bc15c4f4ab81c1e2950dfc1c38cf86dc626573c9",
        "type": "github"
      }
    },
    "root": {
      "inputs": {
        "base16-styles": "base16-styles",
        "base16-theme": "base16-theme",
        "clj-nix": "clj-nix",
        "clojure-lsp": "clojure-lsp",
        "crane": "crane",
        "criome-website": "criome-website",
        "devshell": "devshell",
        "emacs-overlay": "emacs-overlay",
        "flake-compat": "flake-compat",
        "flake-parts": "flake-parts",
        "flake-registry": "flake-registry",
        "flake-utils": "flake-utils",
        "goldragon": "goldragon",
        "goldragonWebpage": "goldragonWebpage",
        "helix": "helix",
        "home-manager": "home-manager",
        "kibord": "kibord",
        "lib": "lib",
        "lojix": "lojix",
        "maisiliym": "maisiliym",
        "md-roam": "md-roam",
        "mfgtools": "mfgtools",
        "mkZolaWebsite": "mkZolaWebsite",
        "ndi": "ndi",
        "nix": "nix",
        "nix-fetcher-data": "nix-fetcher-data",
        "nixpkgs": "nixpkgs",
        "nixpkgs-lib": "nixpkgs-lib",
        "postcss-scss": "postcss-scss",
        "rust-overlay": "rust-overlay",
        "sajban": "sajban",
        "seahawk": "seahawk",
        "seahawkWebsite": "seahawkWebsite",
        "shen": "shen",
        "shen-mode": "shen-mode",
        "skrips": "skrips",
        "systems": "systems_2",
        "systems-linux": "systems-linux",
        "tdlib": "tdlib",
        "telega-el": "telega-el",
        "tera-mode": "tera-mode",
        "toodoo-el": "toodoo-el",
        "videocut": "videocut",
        "xah-fly-keys": "xah-fly-keys",
        "xdg-desktop-portal-hyprland": "xdg-desktop-portal-hyprland"
      }
    },
    "rust-overlay": {
      "inputs": {
        "nixpkgs": [
          "nixpkgs"
        ]
      },
      "locked": {
        "lastModified": 1735007320,
        "narHash": "sha256-NdhUgB9BkLGW9I+Q1GyUUCc3CbDgsg7HLWjG7WZBR5Q=",
        "owner": "oxalica",
        "repo": "rust-overlay",
        "rev": "fb5fdba697ee9a2391ca9ceea3b853b4e3ce37a5",
        "type": "github"
      },
      "original": {
        "owner": "oxalica",
        "repo": "rust-overlay",
        "type": "github"
      }
    },
    "sajban": {
      "flake": false,
      "locked": {
        "lastModified": 1726072538,
        "narHash": "sha256-nDuGZv8it8v8w3+XFO97Q7Xhg1/x50a8ucj3Vjy0Dd4=",
        "owner": "criome",
        "repo": "sajban",
        "rev": "e6547431811c37e57ee2f395310b3eac485545bf",
        "type": "github"
      },
      "original": {
        "owner": "criome",
        "repo": "sajban",
        "type": "github"
      }
    },
    "seahawk": {
      "locked": {
        "lastModified": 1667373205,
        "narHash": "sha256-6Uk1fgv0p8bTdnTPqBAoFHvfHkE6DiITRlpPuHJqacs=",
        "owner": "criome",
        "repo": "seahawk",
        "rev": "b0da7be1ab2eee592db9de192288b8dc2850dd3a",
        "type": "github"
      },
      "original": {
        "owner": "criome",
        "repo": "seahawk",
        "type": "github"
      }
    },
    "seahawkWebsite": {
      "flake": false,
      "locked": {
        "lastModified": 1667372545,
        "narHash": "sha256-UgsZoRhoCNXm+IVJd/X3WHMMhPqNnB7shiMZIM5u8uA=",
        "owner": "AnaSeahawk",
        "repo": "website",
        "rev": "eda73662fdcdf3feec199ef6ea98458eda2bfc8a",
        "type": "github"
      },
      "original": {
        "owner": "AnaSeahawk",
        "repo": "website",
        "type": "github"
      }
    },
    "shen": {
      "flake": false,
      "locked": {
        "lastModified": 1642569955,
        "narHash": "sha256-FVFoYeQJQjKIVWND6RdqwV++/F7u84u7KOn1QZeRzTM=",
        "owner": "criome",
        "repo": "shen",
        "rev": "0a5286bb99b27a89664f8944fbb1eb104d812a61",
        "type": "github"
      },
      "original": {
        "owner": "criome",
        "repo": "shen",
        "type": "github"
      }
    },
    "shen-mode": {
      "flake": false,
      "locked": {
        "lastModified": 1669220738,
        "narHash": "sha256-nsmDhKW8R51nqRqEbrjyC0PLY91GwkiwzG77F6IqIN8=",
        "owner": "NHALX",
        "repo": "shen-mode",
        "rev": "21f785ef8aeb5e24d65cabb995f3841693111856",
        "type": "github"
      },
      "original": {
        "owner": "NHALX",
        "repo": "shen-mode",
        "type": "github"
      }
    },
    "skrips": {
      "locked": {
        "lastModified": 1662776669,
        "narHash": "sha256-a7ZsXP4OUmXkrYRmjmyZDko+caT//AHplFuy+MNL8/k=",
        "owner": "maisiliym",
        "repo": "skrips",
        "rev": "2fbe2694a117b9c9ae5f255ad5a5c986ee60fde6",
        "type": "github"
      },
      "original": {
        "owner": "maisiliym",
        "repo": "skrips",
        "type": "github"
      }
    },
    "systems": {
      "locked": {
        "lastModified": 1681028828,
        "narHash": "sha256-Vy1rq5AaRuLzOxct8nz4T6wlgyUR7zLU309k9mBC768=",
        "owner": "nix-systems",
        "repo": "default",
        "rev": "da67096a3b9bf56a91d16901293e51ba5b49a27e",
        "type": "github"
      },
      "original": {
        "owner": "nix-systems",
        "repo": "default",
        "type": "github"
      }
    },
    "systems-linux": {
      "locked": {
        "lastModified": 1689347949,
        "narHash": "sha256-12tWmuL2zgBgZkdoB6qXZsgJEH9LR3oUgpaQq2RbI80=",
        "owner": "nix-systems",
        "repo": "default-linux",
        "rev": "31732fcf5e8fea42e59c2488ad31a0e651500f68",
        "type": "github"
      },
      "original": {
        "owner": "nix-systems",
        "repo": "default-linux",
        "type": "github"
      }
    },
    "systems_2": {
      "locked": {
        "lastModified": 1681028828,
        "narHash": "sha256-Vy1rq5AaRuLzOxct8nz4T6wlgyUR7zLU309k9mBC768=",
        "owner": "nix-systems",
        "repo": "default",
        "rev": "da67096a3b9bf56a91d16901293e51ba5b49a27e",
        "type": "github"
      },
      "original": {
        "owner": "nix-systems",
        "repo": "default",
        "type": "github"
      }
    },
    "tdlib": {
      "flake": false,
      "locked": {
        "lastModified": 1734079777,
        "narHash": "sha256-uN1h8ZzPhk39OODioC4nHoZR0T5p+dhwZsA7zieFUeM=",
        "owner": "tdlib",
        "repo": "td",
        "rev": "53acb2b5343511432db5aa2091937c3d294c7faa",
        "type": "github"
      },
      "original": {
        "owner": "tdlib",
        "repo": "td",
        "type": "github"
      }
    },
    "telega-el": {
      "flake": false,
      "locked": {
        "lastModified": 1734691965,
        "narHash": "sha256-50giikYe+YvC74BOy2sW+0EMkycllPHNOmvNbJiGw5E=",
        "owner": "zevlg",
        "repo": "telega.el",
        "rev": "3836cff15393fe1dc1addb4fe46b11878dab4891",
        "type": "github"
      },
      "original": {
        "owner": "zevlg",
        "repo": "telega.el",
        "type": "github"
      }
    },
    "tera-mode": {
      "flake": false,
      "locked": {
        "lastModified": 1649325036,
        "narHash": "sha256-E5RsNmBvhZgizBM4n1PX22qRrEw7LNGg+TFVi34P0ec=",
        "owner": "svavs",
        "repo": "tera-mode",
        "rev": "cf3e9a2d86853eb2162b8c2160cdf57d7ca6a442",
        "type": "github"
      },
      "original": {
        "owner": "svavs",
        "repo": "tera-mode",
        "type": "github"
      }
    },
    "toodoo-el": {
      "flake": false,
      "locked": {
        "lastModified": 1647324063,
        "narHash": "sha256-qG93vX8TBd+4WIkAAciTknWrgX87XmNqkgPQCapXBwM=",
        "owner": "ChanderG",
        "repo": "toodoo.el",
        "rev": "149a563863c2f728c5f903475dbce50547c51000",
        "type": "github"
      },
      "original": {
        "owner": "ChanderG",
        "repo": "toodoo.el",
        "type": "github"
      }
    },
    "uGFX": {
      "flake": false,
      "locked": {
        "lastModified": 1578814645,
        "narHash": "sha256-ADuZ2SnWbLZ7lK6G3Zy2jxcpm5AuQ2M92sP5+caxh54=",
        "owner": "qmk",
        "repo": "uGFX",
        "rev": "40b48f470addad6a4fb1177de1a69a181158739b",
        "type": "github"
      },
      "original": {
        "owner": "qmk",
        "repo": "uGFX",
        "type": "github"
      }
    },
    "v-usb": {
      "flake": false,
      "locked": {
        "lastModified": 1597536441,
        "narHash": "sha256-TMX0BowFBzQtS+7I86bwYsCl0qFrxmFbTvOLEqhDwjY=",
        "owner": "qmk",
        "repo": "v-usb",
        "rev": "bdb53e4c043d089279d9891b68bea77614cb97ee",
        "type": "github"
      },
      "original": {
        "owner": "qmk",
        "repo": "v-usb",
        "type": "github"
      }
    },
    "videocut": {
      "flake": false,
      "locked": {
        "lastModified": 1728332521,
        "narHash": "sha256-WJJuSA8G96xdmstwTtUs1660n9Z8lryB7MMJQFEiP4M=",
        "owner": "kanehekili",
        "repo": "VideoCut",
        "rev": "8f1faa639bd28012685443b5502df89453f401d3",
        "type": "github"
      },
      "original": {
        "owner": "kanehekili",
        "repo": "VideoCut",
        "type": "github"
      }
    },
    "xah-fly-keys": {
      "flake": false,
      "locked": {
        "lastModified": 1734753119,
        "narHash": "sha256-LOPOEo5Z1E8KeQg0cirYiC0y0fDzcoBgzbO0LXCaud8=",
        "owner": "xahlee",
        "repo": "xah-fly-keys",
        "rev": "c0e4534acf973ecf709b3a24ae0c4ad84dbd44f6",
        "type": "github"
      },
      "original": {
        "owner": "xahlee",
        "repo": "xah-fly-keys",
        "type": "github"
      }
    },
    "xdg-desktop-portal-hyprland": {
      "inputs": {
        "hyprland-protocols": "hyprland-protocols",
        "hyprlang": "hyprlang",
        "hyprutils": "hyprutils",
        "hyprwayland-scanner": "hyprwayland-scanner",
        "nixpkgs": [
          "nixpkgs"
        ],
        "systems": [
          "systems-linux"
        ]
      },
      "locked": {
        "lastModified": 1734907020,
        "narHash": "sha256-p6HxwpRKVl1KIiY5xrJdjcEeK3pbmc///UOyV6QER+w=",
        "owner": "hyprwm",
        "repo": "xdg-desktop-portal-hyprland",
        "rev": "d7f18dda5e511749fa1511185db3536208fb1a63",
        "type": "github"
      },
      "original": {
        "owner": "hyprwm",
        "repo": "xdg-desktop-portal-hyprland",
        "type": "github"
      }
    }
  },
  "root": "root",
  "version": 7
}
